// !$*UTF8*$!
{
	archiveVersion = 1;
	classes = {
	};
	objectVersion = 46;
	objects = {

/* Begin PBXBuildFile section */
		8D3FD32B1B31294700A51CAA /* AppDelegate.swift in Sources */ = {isa = PBXBuildFile; fileRef = 8D3FD32A1B31294700A51CAA /* AppDelegate.swift */; };
		8D3FD32E1B31294700A51CAA /* ExpandableTableView.xcdatamodeld in Sources */ = {isa = PBXBuildFile; fileRef = 8D3FD32C1B31294700A51CAA /* ExpandableTableView.xcdatamodeld */; };
		8D3FD3331B31294700A51CAA /* Main.storyboard in Resources */ = {isa = PBXBuildFile; fileRef = 8D3FD3311B31294700A51CAA /* Main.storyboard */; };
		8D3FD3351B31294700A51CAA /* Images.xcassets in Resources */ = {isa = PBXBuildFile; fileRef = 8D3FD3341B31294700A51CAA /* Images.xcassets */; };
		8D3FD3381B31294700A51CAA /* LaunchScreen.xib in Resources */ = {isa = PBXBuildFile; fileRef = 8D3FD3361B31294700A51CAA /* LaunchScreen.xib */; };
		8D3FD3441B31294700A51CAA /* ExpandableTableViewTests.swift in Sources */ = {isa = PBXBuildFile; fileRef = 8D3FD3431B31294700A51CAA /* ExpandableTableViewTests.swift */; };
		8D3FD34E1B312A0A00A51CAA /* SHTableViewController.swift in Sources */ = {isa = PBXBuildFile; fileRef = 8D3FD34D1B312A0A00A51CAA /* SHTableViewController.swift */; };
/* End PBXBuildFile section */

/* Begin PBXContainerItemProxy section */
		8D3FD33E1B31294700A51CAA /* PBXContainerItemProxy */ = {
			isa = PBXContainerItemProxy;
			containerPortal = 8D3FD31D1B31294700A51CAA /* Project object */;
			proxyType = 1;
			remoteGlobalIDString = 8D3FD3241B31294700A51CAA;
			remoteInfo = ExpandableTableView;
		};
/* End PBXContainerItemProxy section */

/* Begin PBXFileReference section */
		8D3FD3251B31294700A51CAA /* ExpandableTableView.app */ = {isa = PBXFileReference; explicitFileType = wrapper.application; includeInIndex = 0; path = ExpandableTableView.app; sourceTree = BUILT_PRODUCTS_DIR; };
		8D3FD3291B31294700A51CAA /* Info.plist */ = {isa = PBXFileReference; lastKnownFileType = text.plist.xml; path = Info.plist; sourceTree = "<group>"; };
		8D3FD32A1B31294700A51CAA /* AppDelegate.swift */ = {isa = PBXFileReference; lastKnownFileType = sourcecode.swift; path = AppDelegate.swift; sourceTree = "<group>"; };
		8D3FD32D1B31294700A51CAA /* ExpandableTableView.xcdatamodel */ = {isa = PBXFileReference; lastKnownFileType = wrapper.xcdatamodel; path = ExpandableTableView.xcdatamodel; sourceTree = "<group>"; };
		8D3FD3321B31294700A51CAA /* Base */ = {isa = PBXFileReference; lastKnownFileType = file.storyboard; name = Base; path = Base.lproj/Main.storyboard; sourceTree = "<group>"; };
		8D3FD3341B31294700A51CAA /* Images.xcassets */ = {isa = PBXFileReference; lastKnownFileType = folder.assetcatalog; path = Images.xcassets; sourceTree = "<group>"; };
		8D3FD3371B31294700A51CAA /* Base */ = {isa = PBXFileReference; lastKnownFileType = file.xib; name = Base; path = Base.lproj/LaunchScreen.xib; sourceTree = "<group>"; };
		8D3FD33D1B31294700A51CAA /* ExpandableTableViewTests.xctest */ = {isa = PBXFileReference; explicitFileType = wrapper.cfbundle; includeInIndex = 0; path = ExpandableTableViewTests.xctest; sourceTree = BUILT_PRODUCTS_DIR; };
		8D3FD3421B31294700A51CAA /* Info.plist */ = {isa = PBXFileReference; lastKnownFileType = text.plist.xml; path = Info.plist; sourceTree = "<group>"; };
		8D3FD3431B31294700A51CAA /* ExpandableTableViewTests.swift */ = {isa = PBXFileReference; lastKnownFileType = sourcecode.swift; path = ExpandableTableViewTests.swift; sourceTree = "<group>"; };
		8D3FD34D1B312A0A00A51CAA /* SHTableViewController.swift */ = {isa = PBXFileReference; fileEncoding = 4; lastKnownFileType = sourcecode.swift; path = SHTableViewController.swift; sourceTree = "<group>"; };
/* End PBXFileReference section */

/* Begin PBXFrameworksBuildPhase section */
		8D3FD3221B31294700A51CAA /* Frameworks */ = {
			isa = PBXFrameworksBuildPhase;
			buildActionMask = 2147483647;
			files = (
			);
			runOnlyForDeploymentPostprocessing = 0;
		};
		8D3FD33A1B31294700A51CAA /* Frameworks */ = {
			isa = PBXFrameworksBuildPhase;
			buildActionMask = 2147483647;
			files = (
			);
			runOnlyForDeploymentPostprocessing = 0;
		};
/* End PBXFrameworksBuildPhase section */

/* Begin PBXGroup section */
		8D3FD31C1B31294700A51CAA = {
			isa = PBXGroup;
			children = (
				8D3FD3271B31294700A51CAA /* ExpandableTableView */,
				8D3FD3401B31294700A51CAA /* ExpandableTableViewTests */,
				8D3FD3261B31294700A51CAA /* Products */,
			);
			sourceTree = "<group>";
		};
		8D3FD3261B31294700A51CAA /* Products */ = {
			isa = PBXGroup;
			children = (
				8D3FD3251B31294700A51CAA /* ExpandableTableView.app */,
				8D3FD33D1B31294700A51CAA /* ExpandableTableViewTests.xctest */,
			);
			name = Products;
			sourceTree = "<group>";
		};
		8D3FD3271B31294700A51CAA /* ExpandableTableView */ = {
			isa = PBXGroup;
			children = (
				8D3FD32A1B31294700A51CAA /* AppDelegate.swift */,
				8D3FD3311B31294700A51CAA /* Main.storyboard */,
				8D3FD3341B31294700A51CAA /* Images.xcassets */,
				8D3FD3361B31294700A51CAA /* LaunchScreen.xib */,
				8D3FD32C1B31294700A51CAA /* ExpandableTableView.xcdatamodeld */,
				8D3FD3281B31294700A51CAA /* Supporting Files */,
				8D3FD34D1B312A0A00A51CAA /* SHTableViewController.swift */,
			);
			path = ExpandableTableView;
			sourceTree = "<group>";
		};
		8D3FD3281B31294700A51CAA /* Supporting Files */ = {
			isa = PBXGroup;
			children = (
				8D3FD3291B31294700A51CAA /* Info.plist */,
			);
			name = "Supporting Files";
			sourceTree = "<group>";
		};
		8D3FD3401B31294700A51CAA /* ExpandableTableViewTests */ = {
			isa = PBXGroup;
			children = (
				8D3FD3431B31294700A51CAA /* ExpandableTableViewTests.swift */,
				8D3FD3411B31294700A51CAA /* Supporting Files */,
			);
			path = ExpandableTableViewTests;
			sourceTree = "<group>";
		};
		8D3FD3411B31294700A51CAA /* Supporting Files */ = {
			isa = PBXGroup;
			children = (
				8D3FD3421B31294700A51CAA /* Info.plist */,
			);
			name = "Supporting Files";
			sourceTree = "<group>";
		};
/* End PBXGroup section */

/* Begin PBXNativeTarget section */
		8D3FD3241B31294700A51CAA /* ExpandableTableView */ = {
			isa = PBXNativeTarget;
			buildConfigurationList = 8D3FD3471B31294700A51CAA /* Build configuration list for PBXNativeTarget "ExpandableTableView" */;
			buildPhases = (
				8D3FD3211B31294700A51CAA /* Sources */,
				8D3FD3221B31294700A51CAA /* Frameworks */,
				8D3FD3231B31294700A51CAA /* Resources */,
			);
			buildRules = (
			);
			dependencies = (
			);
			name = ExpandableTableView;
			productName = ExpandableTableView;
			productReference = 8D3FD3251B31294700A51CAA /* ExpandableTableView.app */;
			productType = "com.apple.product-type.application";
		};
		8D3FD33C1B31294700A51CAA /* ExpandableTableViewTests */ = {
			isa = PBXNativeTarget;
			buildConfigurationList = 8D3FD34A1B31294700A51CAA /* Build configuration list for PBXNativeTarget "ExpandableTableViewTests" */;
			buildPhases = (
				8D3FD3391B31294700A51CAA /* Sources */,
				8D3FD33A1B31294700A51CAA /* Frameworks */,
				8D3FD33B1B31294700A51CAA /* Resources */,
			);
			buildRules = (
			);
			dependencies = (
				8D3FD33F1B31294700A51CAA /* PBXTargetDependency */,
			);
			name = ExpandableTableViewTests;
			productName = ExpandableTableViewTests;
			productReference = 8D3FD33D1B31294700A51CAA /* ExpandableTableViewTests.xctest */;
			productType = "com.apple.product-type.bundle.unit-test";
		};
/* End PBXNativeTarget section */

/* Begin PBXProject section */
		8D3FD31D1B31294700A51CAA /* Project object */ = {
			isa = PBXProject;
			attributes = {
				LastUpgradeCheck = 0630;
				ORGANIZATIONNAME = sheth;
				TargetAttributes = {
					8D3FD3241B31294700A51CAA = {
						CreatedOnToolsVersion = 6.3.2;
					};
					8D3FD33C1B31294700A51CAA = {
						CreatedOnToolsVersion = 6.3.2;
						TestTargetID = 8D3FD3241B31294700A51CAA;
					};
				};
			};
			buildConfigurationList = 8D3FD3201B31294700A51CAA /* Build configuration list for PBXProject "ExpandableTableView" */;
			compatibilityVersion = "Xcode 3.2";
			developmentRegion = English;
			hasScannedForEncodings = 0;
			knownRegions = (
				en,
				Base,
			);
			mainGroup = 8D3FD31C1B31294700A51CAA;
			productRefGroup = 8D3FD3261B31294700A51CAA /* Products */;
			projectDirPath = "";
			projectRoot = "";
			targets = (
				8D3FD3241B31294700A51CAA /* ExpandableTableView */,
				8D3FD33C1B31294700A51CAA /* ExpandableTableViewTests */,
			);
		};
/* End PBXProject section */

/* Begin PBXResourcesBuildPhase section */
		8D3FD3231B31294700A51CAA /* Resources */ = {
			isa = PBXResourcesBuildPhase;
			buildActionMask = 2147483647;
			files = (
				8D3FD3331B31294700A51CAA /* Main.storyboard in Resources */,
				8D3FD3381B31294700A51CAA /* LaunchScreen.xib in Resources */,
				8D3FD3351B31294700A51CAA /* Images.xcassets in Resources */,
			);
			runOnlyForDeploymentPostprocessing = 0;
		};
		8D3FD33B1B31294700A51CAA /* Resources */ = {
			isa = PBXResourcesBuildPhase;
			buildActionMask = 2147483647;
			files = (
			);
			runOnlyForDeploymentPostprocessing = 0;
		};
/* End PBXResourcesBuildPhase section */

/* Begin PBXSourcesBuildPhase section */
		8D3FD3211B31294700A51CAA /* Sources */ = {
			isa = PBXSourcesBuildPhase;
			buildActionMask = 2147483647;
			files = (
				8D3FD34E1B312A0A00A51CAA /* SHTableViewController.swift in Sources */,
				8D3FD32E1B31294700A51CAA /* ExpandableTableView.xcdatamodeld in Sources */,
				8D3FD32B1B31294700A51CAA /* AppDelegate.swift in Sources */,
			);
			runOnlyForDeploymentPostprocessing = 0;
		};
		8D3FD3391B31294700A51CAA /* Sources */ = {
			isa = PBXSourcesBuildPhase;
			buildActionMask = 2147483647;
			files = (
				8D3FD3441B31294700A51CAA /* ExpandableTableViewTests.swift in Sources */,
			);
			runOnlyForDeploymentPostprocessing = 0;
		};
/* End PBXSourcesBuildPhase section */

/* Begin PBXTargetDependency section */
		8D3FD33F1B31294700A51CAA /* PBXTargetDependency */ = {
			isa = PBXTargetDependency;
			target = 8D3FD3241B31294700A51CAA /* ExpandableTableView */;
			targetProxy = 8D3FD33E1B31294700A51CAA /* PBXContainerItemProxy */;
		};
/* End PBXTargetDependency section */

/* Begin PBXVariantGroup section */
		8D3FD3311B31294700A51CAA /* Main.storyboard */ = {
			isa = PBXVariantGroup;
			children = (
				8D3FD3321B31294700A51CAA /* Base */,
			);
			name = Main.storyboard;
			sourceTree = "<group>";
		};
		8D3FD3361B31294700A51CAA /* LaunchScreen.xib */ = {
			isa = PBXVariantGroup;
			children = (
				8D3FD3371B31294700A51CAA /* Base */,
			);
			name = LaunchScreen.xib;
			sourceTree = "<group>";
		};
/* End PBXVariantGroup section */

/* Begin XCBuildConfiguration section */
		8D3FD3451B31294700A51CAA /* Debug */ = {
			isa = XCBuildConfiguration;
			buildSettings = {
				ALWAYS_SEARCH_USER_PATHS = NO;
				CLANG_CXX_LANGUAGE_STANDARD = "gnu++0x";
				CLANG_CXX_LIBRARY = "libc++";
				CLANG_ENABLE_MODULES = YES;
				CLANG_ENABLE_OBJC_ARC = YES;
				CLANG_WARN_BOOL_CONVERSION = YES;
				CLANG_WARN_CONSTANT_CONVERSION = YES;
				CLANG_WARN_DIRECT_OBJC_ISA_USAGE = YES_ERROR;
				CLANG_WARN_EMPTY_BODY = YES;
				CLANG_WARN_ENUM_CONVERSION = YES;
				CLANG_WARN_INT_CONVERSION = YES;
				CLANG_WARN_OBJC_ROOT_CLASS = YES_ERROR;
				CLANG_WARN_UNREACHABLE_CODE = YES;
				CLANG_WARN__DUPLICATE_METHOD_MATCH = YES;
				"CODE_SIGN_IDENTITY[sdk=iphoneos*]" = "iPhone Developer";
				COPY_PHASE_STRIP = NO;
				DEBUG_INFORMATION_FORMAT = "dwarf-with-dsym";
				ENABLE_STRICT_OBJC_MSGSEND = YES;
				GCC_C_LANGUAGE_STANDARD = gnu99;
				GCC_DYNAMIC_NO_PIC = NO;
				GCC_NO_COMMON_BLOCKS = YES;
				GCC_OPTIMIZATION_LEVEL = 0;
				GCC_PREPROCESSOR_DEFINITIONS = (
					"DEBUG=1",
					"$(inherited)",
				);
				GCC_SYMBOLS_PRIVATE_EXTERN = NO;
				GCC_WARN_64_TO_32_BIT_CONVERSION = YES;
				GCC_WARN_ABOUT_RETURN_TYPE = YES_ERROR;
				GCC_WARN_UNDECLARED_SELECTOR = YES;
				GCC_WARN_UNINITIALIZED_AUTOS = YES_AGGRESSIVE;
				GCC_WARN_UNUSED_FUNCTION = YES;
				GCC_WARN_UNUSED_VARIABLE = YES;
				IPHONEOS_DEPLOYMENT_TARGET = 8.3;
				MTL_ENABLE_DEBUG_INFO = YES;
				ONLY_ACTIVE_ARCH = YES;
				SDKROOT = iphoneos;
				SWIFT_OPTIMIZATION_LEVEL = "-Onone";
				TARGETED_DEVICE_FAMILY = "1,2";
			};
			name = Debug;
		};
		8D3FD3461B31294700A51CAA /* Release */ = {
			isa = XCBuildConfiguration;
			buildSettings = {
				ALWAYS_SEARCH_USER_PATHS = NO;
				CLANG_CXX_LANGUAGE_STANDARD = "gnu++0x";
				CLANG_CXX_LIBRARY = "libc++";
				CLANG_ENABLE_MODULES = YES;
				CLANG_ENABLE_OBJC_ARC = YES;
				CLANG_WARN_BOOL_CONVERSION = YES;
				CLANG_WARN_CONSTANT_CONVERSION = YES;
				CLANG_WARN_DIRECT_OBJC_ISA_USAGE = YES_ERROR;
				CLANG_WARN_EMPTY_BODY = YES;
				CLANG_WARN_ENUM_CONVERSION = YES;
				CLANG_WARN_INT_CONVERSION = YES;
				CLANG_WARN_OBJC_ROOT_CLASS = YES_ERROR;
				CLANG_WARN_UNREACHABLE_CODE = YES;
				CLANG_WARN__DUPLICATE_METHOD_MATCH = YES;
				"CODE_SIGN_IDENTITY[sdk=iphoneos*]" = "iPhone Developer";
				COPY_PHASE_STRIP = NO;
				DEBUG_INFORMATION_FORMAT = "dwarf-with-dsym";
				ENABLE_NS_ASSERTIONS = NO;
				ENABLE_STRICT_OBJC_MSGSEND = YES;
				GCC_C_LANGUAGE_STANDARD = gnu99;
				GCC_NO_COMMON_BLOCKS = YES;
				GCC_WARN_64_TO_32_BIT_CONVERSION = YES;
				GCC_WARN_ABOUT_RETURN_TYPE = YES_ERROR;
				GCC_WARN_UNDECLARED_SELECTOR = YES;
				GCC_WARN_UNINITIALIZED_AUTOS = YES_AGGRESSIVE;
				GCC_WARN_UNUSED_FUNCTION = YES;
				GCC_WARN_UNUSED_VARIABLE = YES;
				IPHONEOS_DEPLOYMENT_TARGET = 8.3;
				MTL_ENABLE_DEBUG_INFO = NO;
				SDKROOT = iphoneos;
				TARGETED_DEVICE_FAMILY = "1,2";
				VALIDATE_PRODUCT = YES;
			};
			name = Release;
		};
		8D3FD3481B31294700A51CAA /* Debug */ = {
			isa = XCBuildConfiguration;
			buildSettings = {
				ASSETCATALOG_COMPILER_APPICON_NAME = AppIcon;
				INFOPLIST_FILE = ExpandableTableView/Info.plist;
				LD_RUNPATH_SEARCH_PATHS = "$(inherited) @executable_path/Frameworks";
				PRODUCT_NAME = "$(TARGET_NAME)";
			};
			name = Debug;
		};
		8D3FD3491B31294700A51CAA /* Release */ = {
			isa = XCBuildConfiguration;
			buildSettings = {
				ASSETCATALOG_COMPILER_APPICON_NAME = AppIcon;
				INFOPLIST_FILE = ExpandableTableView/Info.plist;
				LD_RUNPATH_SEARCH_PATHS = "$(inherited) @executable_path/Frameworks";
				PRODUCT_NAME = "$(TARGET_NAME)";
			};
			name = Release;
		};
		8D3FD34B1B31294700A51CAA /* Debug */ = {
			isa = XCBuildConfiguration;
			buildSettings = {
				BUNDLE_LOADER = "$(TEST_HOST)";
				FRAMEWORK_SEARCH_PATHS = (
					"$(SDKROOT)/Developer/Library/Frameworks",
					"$(inherited)",
				);
				GCC_PREPROCESSOR_DEFINITIONS = (
					"DEBUG=1",
					"$(inherited)",
				);
				INFOPLIST_FILE = ExpandableTableViewTests/Info.plist;
				LD_RUNPATH_SEARCH_PATHS = "$(inherited) @executable_path/Frameworks @loader_path/Frameworks";
				PRODUCT_NAME = "$(TARGET_NAME)";
				TEST_HOST = "$(BUILT_PRODUCTS_DIR)/ExpandableTableView.app/ExpandableTableView";
			};
			name = Debug;
		};
		8D3FD34C1B31294700A51CAA /* Release */ = {
			isa = XCBuildConfiguration;
			buildSettings = {
				BUNDLE_LOADER = "$(TEST_HOST)";
				FRAMEWORK_SEARCH_PATHS = (
					"$(SDKROOT)/Developer/Library/Frameworks",
					"$(inherited)",
				);
				INFOPLIST_FILE = ExpandableTableViewTests/Info.plist;
				LD_RUNPATH_SEARCH_PATHS = "$(inherited) @executable_path/Frameworks @loader_path/Frameworks";
				PRODUCT_NAME = "$(TARGET_NAME)";
				TEST_HOST = "$(BUILT_PRODUCTS_DIR)/ExpandableTableView.app/ExpandableTableView";
			};
			name = Release;
		};
/* End XCBuildConfiguration section */

/* Begin XCConfigurationList section */
		8D3FD3201B31294700A51CAA /* Build configuration list for PBXProject "ExpandableTableView" */ = {
			isa = XCConfigurationList;
			buildConfigurations = (
				8D3FD3451B31294700A51CAA /* Debug */,
				8D3FD3461B31294700A51CAA /* Release */,
			);
			defaultConfigurationIsVisible = 0;
			defaultConfigurationName = Release;
		};
		8D3FD3471B31294700A51CAA /* Build configuration list for PBXNativeTarget "ExpandableTableView" */ = {
			isa = XCConfigurationList;
			buildConfigurations = (
				8D3FD3481B31294700A51CAA /* Debug */,
				8D3FD3491B31294700A51CAA /* Release */,
			);
			defaultConfigurationIsVisible = 0;
		};
		8D3FD34A1B31294700A51CAA /* Build configuration list for PBXNativeTarget "ExpandableTableViewTests" */ = {
			isa = XCConfigurationList;
			buildConfigurations = (
				8D3FD34B1B31294700A51CAA /* Debug */,
				8D3FD34C1B31294700A51CAA /* Release */,
			);
			defaultConfigurationIsVisible = 0;
		};
/* End XCConfigurationList section */

/* Begin XCVersionGroup section */
		8D3FD32C1B31294700A51CAA /* ExpandableTableView.xcdatamodeld */ = {
			isa = XCVersionGroup;
			children = (
				8D3FD32D1B31294700A51CAA /* ExpandableTableView.xcdatamodel */,
			);
			currentVersion = 8D3FD32D1B31294700A51CAA /* ExpandableTableView.xcdatamodel */;
			path = ExpandableTableView.xcdatamodeld;
			sourceTree = "<group>";
			versionGroupType = wrapper.xcdatamodel;
		};
/* End XCVersionGroup section */
	};
	rootObject = 8D3FD31D1B31294700A51CAA /* Project object */;
}
